
Microsoft Visual Studio Solution File, Format Version 12.00
# Visual Studio 14
VisualStudioVersion = 14.0.24720.0
MinimumVisualStudioVersion = 10.0.40219.1
Project("{FAE04EC0-301F-11D3-BF4B-00C04F79EFBC}") = "TeaboxDataFormat.IO", "IO\TeaboxDataFormat.IO.csproj", "{557D63E2-31D2-456E-AA3A-C31055A50C92}"
EndProject
Project("{FAE04EC0-301F-11D3-BF4B-00C04F79EFBC}") = "TeaboxDataFormat.Tests", "Tests\TeaboxDataFormat.Tests.csproj", "{A6394058-FB0D-4A43-A0B0-CC064FE0782C}"
EndProject
Global
	GlobalSection(SolutionConfigurationPlatforms) = preSolution
		Debug|Any CPU = Debug|Any CPU
		Release|Any CPU = Release|Any CPU
	EndGlobalSection
	GlobalSection(ProjectConfigurationPlatforms) = postSolution
		{557D63E2-31D2-456E-AA3A-C31055A50C92}.Debug|Any CPU.ActiveCfg = Debug|Any CPU
		{557D63E2-31D2-456E-AA3A-C31055A50C92}.Debug|Any CPU.Build.0 = Debug|Any CPU
		{557D63E2-31D2-456E-AA3A-C31055A50C92}.Release|Any CPU.ActiveCfg = Release|Any CPU
		{557D63E2-31D2-456E-AA3A-C31055A50C92}.Release|Any CPU.Build.0 = Release|Any CPU
		{A6394058-FB0D-4A43-A0B0-CC064FE0782C}.Debug|Any CPU.ActiveCfg = Debug|Any CPU
		{A6394058-FB0D-4A43-A0B0-CC064FE0782C}.Debug|Any CPU.Build.0 = Debug|Any CPU
		{A6394058-FB0D-4A43-A0B0-CC064FE0782C}.Release|Any CPU.ActiveCfg = Release|Any CPU
		{A6394058-FB0D-4A43-A0B0-CC064FE0782C}.Release|Any CPU.Build.0 = Release|Any CPU
	EndGlobalSection
	GlobalSection(SolutionProperties) = preSolution
		HideSolutionNode = FALSE
	EndGlobalSection
EndGlobal
